# THIS IS AN AUTOGENERATED FILE. DO NOT EDIT THIS FILE DIRECTLY.
# yarn lockfile v1


"@ckb-lumos/base@0.17.0", "@ckb-lumos/base@^0.17.0":
  version "0.17.0"
  resolved "https://registry.npmjs.org/@ckb-lumos/base/-/base-0.17.0.tgz#4d6d6081947aae7bdea633c7de41f5a23bbeec04"
  integrity sha512-Yb3/g9vNwS+O+xKgkypcoIhkNwBXbpmhWUZvxzH5iKdZik0gH92bfFH5geFx2w03EtgBkfy1jbveF48mz0Ia0Q==
  dependencies:
    "@ckb-lumos/bi" "0.17.0"
    "@ckb-lumos/toolkit" "0.17.0"
    "@types/lodash.isequal" "^4.5.5"
    blake2b "^2.1.3"
    js-xxhash "^1.0.4"
    lodash.isequal "^4.5.0"

"@ckb-lumos/bi@0.17.0":
  version "0.17.0"
  resolved "https://registry.npmjs.org/@ckb-lumos/bi/-/bi-0.17.0.tgz#65ab8300451b1a2f7105b0167f9bebe0c895ce09"
  integrity sha512-MNLNVoX1jO4JoEkSvt8JZI48KkKjzbsEUt9JqAWMc3iNgJ7SIXXGX1Cv9YxY5Kxwsq64Cs6O4nm5iEE4wH6vlA==
  dependencies:
    jsbi "^4.1.0"

"@ckb-lumos/ckb-indexer@0.17.0":
  version "0.17.0"
  resolved "https://registry.npmjs.org/@ckb-lumos/ckb-indexer/-/ckb-indexer-0.17.0.tgz#e6ce46ff09382c50c0008e0c9e1c92a9297f12f0"
  integrity sha512-Cf8m7wovVUZktKwgCdgVx2KE9tTbYoYYvzy9TZhosgrkQ9YiYc0WoeIDnTv2JiUWB1AmVVKN4lgqIHnZ2RSGmQ==
  dependencies:
    "@ckb-lumos/base" "0.17.0"
    "@ckb-lumos/bi" "0.17.0"
    "@ckb-lumos/rpc" "0.17.0"
    "@ckb-lumos/toolkit" "0.17.0"
    cross-fetch "^3.1.5"
    events "^3.3.0"

"@ckb-lumos/common-scripts@0.17.0", "@ckb-lumos/common-scripts@^0.17.0":
  version "0.17.0"
  resolved "https://registry.npmjs.org/@ckb-lumos/common-scripts/-/common-scripts-0.17.0.tgz#8e2fb53839001c862b7aa83a9f640ac75cf216ff"
  integrity sha512-usmckI5tIvRQJkrdzZOr5mAlTYsRg+ogyexw8/xmkrkq0a+Dj2v7tGILC7y75eiVj9B4et8/1JO07+Ru0xCkOw==
  dependencies:
    "@ckb-lumos/base" "0.17.0"
    "@ckb-lumos/bi" "0.17.0"
    "@ckb-lumos/config-manager" "0.17.0"
    "@ckb-lumos/helpers" "0.17.0"
    "@ckb-lumos/rpc" "0.17.0"
    "@ckb-lumos/toolkit" "0.17.0"
    immutable "^4.0.0-rc.12"

"@ckb-lumos/config-manager@0.17.0", "@ckb-lumos/config-manager@^0.17.0":
  version "0.17.0"
  resolved "https://registry.npmjs.org/@ckb-lumos/config-manager/-/config-manager-0.17.0.tgz#233f45e401e5a6479a2dcc7c8947ff0ebc5cee7e"
  integrity sha512-I8eCV8bAyE/v+uGcu0YOB43v4ZUwTY9dHpE67gW5VJzloXFdIUedpgMpeySA/rmicZ3yhzoh2WhE5CmqGkDU5Q==
  dependencies:
    "@ckb-lumos/base" "0.17.0"
    "@ckb-lumos/bi" "0.17.0"
    "@types/deep-freeze-strict" "^1.1.0"
    deep-freeze-strict "^1.1.1"

"@ckb-lumos/hd@0.17.0":
  version "0.17.0"
  resolved "https://registry.npmjs.org/@ckb-lumos/hd/-/hd-0.17.0.tgz#e35c6c59b4804d4f299b2a13a0c00ab2e620dc8b"
  integrity sha512-epUGWfrAVv5a6Ilu8nC4NwW8Riza/qTBHbaYAX8D3r161H9JlO4i7XTysTpWDCuZKJ/Aa9JelsgcMinqbf5ZpA==
  dependencies:
    "@ckb-lumos/base" "0.17.0"
    "@ckb-lumos/bi" "0.17.0"
    bn.js "^5.1.3"
    elliptic "^6.5.4"
    sha3 "^2.1.3"
    uuid "^8.3.0"

"@ckb-lumos/helpers@0.17.0", "@ckb-lumos/helpers@^0.17.0":
  version "0.17.0"
  resolved "https://registry.npmjs.org/@ckb-lumos/helpers/-/helpers-0.17.0.tgz#2f43e5d11b9d54c1dab237d3ed3af86a1ea28c07"
  integrity sha512-sfZsTSLrLJ1HGOwBCcYJrG4tq4LllOzbw42o6MObg1DNvzKAK4A/lu2zMi61sKMVdNB5I0zgqT1JtKurzw5jcw==
  dependencies:
    "@ckb-lumos/base" "0.17.0"
    "@ckb-lumos/bi" "0.17.0"
    "@ckb-lumos/config-manager" "0.17.0"
    "@ckb-lumos/toolkit" "0.17.0"
    bech32 "^2.0.0"
    immutable "^4.0.0-rc.12"

"@ckb-lumos/lumos@^0.17.0":
  version "0.17.0"
  resolved "https://registry.npmjs.org/@ckb-lumos/lumos/-/lumos-0.17.0.tgz#ef291d8bed86e6117d35fc77b4a6445384ca7fd7"
  integrity sha512-J6HFcZ7C+Mi9SoTTleseJhcaZvmiLD6tlCz5vKw0wbfbpMr3io6tmAKcJ/ZHV51x+QoaeuBUdpQOnxhz6AhxuA==
  dependencies:
    "@ckb-lumos/base" "0.17.0"
    "@ckb-lumos/bi" "0.17.0"
    "@ckb-lumos/ckb-indexer" "0.17.0"
    "@ckb-lumos/common-scripts" "0.17.0"
    "@ckb-lumos/config-manager" "0.17.0"
    "@ckb-lumos/hd" "0.17.0"
    "@ckb-lumos/helpers" "0.17.0"
    "@ckb-lumos/rpc" "0.17.0"
    "@ckb-lumos/toolkit" "0.17.0"

"@ckb-lumos/rpc@0.17.0":
  version "0.17.0"
  resolved "https://registry.npmjs.org/@ckb-lumos/rpc/-/rpc-0.17.0.tgz#b59cc6003e2029aadecfd946cf4e95a14d9ea13a"
  integrity sha512-UuR4LDo8sFOebSMqeai9KuF/DHl731dLYRuXRMURNx8QXVnHo2PXGtzCJs+F0DrJg0WECcAEAkJKh2/0ZDTJWw==
  dependencies:
    "@ckb-lumos/base" "0.17.0"
    "@ckb-lumos/bi" "0.17.0"
    "@ckb-lumos/toolkit" "0.17.0"

"@ckb-lumos/toolkit@0.17.0":
  version "0.17.0"
  resolved "https://registry.npmjs.org/@ckb-lumos/toolkit/-/toolkit-0.17.0.tgz#4df2bb822b3d8de3deeee02aa8a658017efffe5c"
  integrity sha512-y9MrQMjH3qVj6bZCnps5aydu1wAwM4u/cv0c4o2AqxHNq9axIt5hZmI8Z9hswDctcyeWll1aLpYamy3Wt+wz4Q==

"@types/deep-freeze-strict@^1.1.0":
  version "1.1.0"
  resolved "https://registry.npmjs.org/@types/deep-freeze-strict/-/deep-freeze-strict-1.1.0.tgz#447a6a2576191344aa42310131dd3df5c41492c4"
  integrity sha512-fILflsS66kGQ4iIBzYoxuQCWK1wQdy/ooguTofUk0KSxA+G5ZzH8WdU8mf6IU+5cMBW+j9u+eh+7kv63R3O9Tw==

"@types/lodash.isequal@^4.5.5":
  version "4.5.6"
  resolved "https://registry.npmjs.org/@types/lodash.isequal/-/lodash.isequal-4.5.6.tgz#ff42a1b8e20caa59a97e446a77dc57db923bc02b"
  integrity sha512-Ww4UGSe3DmtvLLJm2F16hDwEQSv7U0Rr8SujLUA2wHI2D2dm8kPu6Et+/y303LfjTIwSBKXB/YTUcAKpem/XEg==
  dependencies:
    "@types/lodash" "*"

"@types/lodash@*":
  version "4.14.182"
  resolved "https://registry.npmjs.org/@types/lodash/-/lodash-4.14.182.tgz#05301a4d5e62963227eaafe0ce04dd77c54ea5c2"
  integrity sha512-/THyiqyQAP9AfARo4pF+aCGcyiQ94tX/Is2I7HofNRqoYLgN1PBoOWu2/zTA5zMxzP5EFutMtWtGAFRKUe961Q==

"@types/node@*", "@types/node@^14.0.26":
  version "14.0.26"
  resolved "https://registry.yarnpkg.com/@types/node/-/node-14.0.26.tgz#22a3b8a46510da8944b67bfc27df02c34a35331c"
  integrity sha512-W+fpe5s91FBGE0pEa0lnqGLL4USgpLgs4nokw16SrBBco/gQxuua7KnArSEOd5iaMqbbSHV10vUDkJYJJqpXKA==

"@types/secp256k1@^4.0.1":
  version "4.0.1"
  resolved "https://registry.yarnpkg.com/@types/secp256k1/-/secp256k1-4.0.1.tgz#fb3aa61a1848ad97d7425ff9dcba784549fca5a4"
  integrity sha512-+ZjSA8ELlOp8SlKi0YLB2tz9d5iPNEmOBd+8Rz21wTMdaXQIa9b6TEnD6l5qKOCypE7FSyPyck12qZJxSDNoog==
  dependencies:
    "@types/node" "*"

base64-js@^1.3.1:
  version "1.5.1"
  resolved "https://registry.npmjs.org/base64-js/-/base64-js-1.5.1.tgz#1b1b440160a5bf7ad40b650f095963481903930a"
  integrity sha512-AKpaYlHn8t4SVbOHCy+b5+KKgvR4vrsD8vbvrbiQJps7fKDTkjkDry6ji0rUJjC0kzbNePLwzxq8iypo41qeWA==

bech32@^2.0.0:
  version "2.0.0"
  resolved "https://registry.npmjs.org/bech32/-/bech32-2.0.0.tgz#078d3686535075c8c79709f054b1b226a133b355"
  integrity sha512-LcknSilhIGatDAsY1ak2I8VtGaHNhgMSYVxFrGLXv+xLHytaKZKcaUJJUE7qmBr7h33o5YQwP55pMI0xmkpJwg==

blake2b-wasm@^1.1.0:
  version "1.1.7"
  resolved "https://registry.yarnpkg.com/blake2b-wasm/-/blake2b-wasm-1.1.7.tgz#e4d075da10068e5d4c3ec1fb9accc4d186c55d81"
  integrity sha512-oFIHvXhlz/DUgF0kq5B1CqxIDjIJwh9iDeUUGQUcvgiGz7Wdw03McEO7CfLBy7QKGdsydcMCgO9jFNBAFCtFcA==
  dependencies:
    nanoassert "^1.0.0"

blake2b@^2.1.3:
  version "2.1.3"
  resolved "https://registry.yarnpkg.com/blake2b/-/blake2b-2.1.3.tgz#f5388be424768e7c6327025dad0c3c6d83351bca"
  integrity sha512-pkDss4xFVbMb4270aCyGD3qLv92314Et+FsKzilCLxDz5DuZ2/1g3w4nmBbu6nKApPspnjG7JcwTjGZnduB1yg==
  dependencies:
    blake2b-wasm "^1.1.0"
    nanoassert "^1.0.0"

bn.js@^4.11.9:
  version "4.12.0"
  resolved "https://registry.npmjs.org/bn.js/-/bn.js-4.12.0.tgz#775b3f278efbb9718eec7361f483fb36fbbfea88"
  integrity sha512-c98Bf3tPniI+scsdk237ku1Dc3ujXQTSgyiPUDEOe7tRkhrqridvh8klBv0HCEso1OLOYcHuCv/cS6DNxKH+ZA==

bn.js@^4.4.0:
  version "4.11.9"
  resolved "https://registry.yarnpkg.com/bn.js/-/bn.js-4.11.9.tgz#26d556829458f9d1e81fc48952493d0ba3507828"
  integrity sha512-E6QoYqCKZfgatHTdHzs1RRKP7ip4vvm+EyRUeE2RF0NblwVvb0p6jSVeNTOFxPn26QXN2o6SMfNxKp6kU8zQaw==

bn.js@^5.1.3:
  version "5.2.1"
  resolved "https://registry.npmjs.org/bn.js/-/bn.js-5.2.1.tgz#0bc527a6a0d18d0aa8d5b0538ce4a77dccfa7b70"
  integrity sha512-eXRvHzWyYPBuB4NBy0cmYQjGitUrtqwbvlzP3G6VFnNRbsZQIxQ10PbKKHt8gZ/HW/D/747aDl+QkDqg3KQLMQ==

brorand@^1.0.1, brorand@^1.1.0:
  version "1.1.0"
  resolved "https://registry.npmjs.org/brorand/-/brorand-1.1.0.tgz#12c25efe40a45e3c323eb8675a0a0ce57b22371f"
  integrity sha512-cKV8tMCEpQs4hK/ik71d6LrPOnpkpGBR0wzxqr68g2m/LB2GxVYQroAjMJZRVM1Y4BCjCKc3vAamxSzOY2RP+w==

buffer@6.0.3:
  version "6.0.3"
  resolved "https://registry.npmjs.org/buffer/-/buffer-6.0.3.tgz#2ace578459cc8fbe2a70aaa8f52ee63b6a74c6c6"
  integrity sha512-FTiCpNxtwiZZHEZbcbTIcZjERVICn9yq/pDFkTl95/AxzD1naBctN7YO68riM/gLSDY7sdrMby8hofADYuuqOA==
  dependencies:
    base64-js "^1.3.1"
    ieee754 "^1.2.1"

ckb-js-toolkit@^0.9.1:
  version "0.9.1"
  resolved "https://registry.yarnpkg.com/ckb-js-toolkit/-/ckb-js-toolkit-0.9.1.tgz#a4be430f2dd2916f242161824ea05330310e7695"
  integrity sha512-fGMd1WZjafjOkBHFmmsn4vBQb2UPZ4AyMXWLRvGggncpjUoXuonE6GEh8IQQ3Z7CfLpNgDZ/KTznZhvIptuqTA==
  dependencies:
    cross-fetch "^3.0.4"
    jsbi "^3.1.2"

cross-fetch@^3.0.4:
  version "3.0.5"
  resolved "https://registry.yarnpkg.com/cross-fetch/-/cross-fetch-3.0.5.tgz#2739d2981892e7ab488a7ad03b92df2816e03f4c"
  integrity sha512-FFLcLtraisj5eteosnX1gf01qYDCOc4fDy0+euOt8Kn9YBY2NtXL/pCoYPavw24NIQkQqm5ZOLsGD5Zzj0gyew==
  dependencies:
    node-fetch "2.6.0"

cross-fetch@^3.1.5:
  version "3.1.5"
  resolved "https://registry.npmjs.org/cross-fetch/-/cross-fetch-3.1.5.tgz#e1389f44d9e7ba767907f7af8454787952ab534f"
  integrity sha512-lvb1SBsI0Z7GDwmuid+mU3kWVBwTVUbe7S0H52yaaAdQOXq2YktTCZdlAcNKFzE6QtRz0snpw9bNiPeOIkkQvw==
  dependencies:
    node-fetch "2.6.7"

deep-freeze-strict@^1.1.1:
  version "1.1.1"
  resolved "https://registry.yarnpkg.com/deep-freeze-strict/-/deep-freeze-strict-1.1.1.tgz#77d0583ca24a69be4bbd9ac2fae415d55523e5b0"
  integrity sha1-d9BYPKJKab5LvZrC+uQV1VUj5bA=

elliptic@^6.5.2:
  version "6.5.3"
  resolved "https://registry.yarnpkg.com/elliptic/-/elliptic-6.5.3.tgz#cb59eb2efdaf73a0bd78ccd7015a62ad6e0f93d6"
  integrity sha512-IMqzv5wNQf+E6aHeIqATs0tOLeOTwj1QKbRcS3jBbYkl5oLAserA8yJTT7/VyHUYG91PRmPyeQDObKLPpeS4dw==
  dependencies:
    bn.js "^4.4.0"
    brorand "^1.0.1"
    hash.js "^1.0.0"
    hmac-drbg "^1.0.0"
    inherits "^2.0.1"
    minimalistic-assert "^1.0.0"
    minimalistic-crypto-utils "^1.0.0"

elliptic@^6.5.4:
  version "6.5.4"
  resolved "https://registry.npmjs.org/elliptic/-/elliptic-6.5.4.tgz#da37cebd31e79a1367e941b592ed1fbebd58abbb"
  integrity sha512-iLhC6ULemrljPZb+QutR5TQGB+pdW6KGD5RSegS+8sorOZT+rdQFbsQFJgvN3eRqNALqJer4oQ16YvJHlU8hzQ==
  dependencies:
    bn.js "^4.11.9"
    brorand "^1.1.0"
    hash.js "^1.0.0"
    hmac-drbg "^1.0.1"
    inherits "^2.0.4"
    minimalistic-assert "^1.0.1"
    minimalistic-crypto-utils "^1.0.1"

events@^3.3.0:
  version "3.3.0"
  resolved "https://registry.npmjs.org/events/-/events-3.3.0.tgz#31a95ad0a924e2d2c419a813aeb2c4e878ea7400"
  integrity sha512-mQw+2fkQbALzQ7V0MY0IqdnXNOeTtP4r0lN9z7AAawCXgqea7bDii20AYrIBrFd/Hx0M2Ocz6S111CaFkUcb0Q==

hash.js@^1.0.0, hash.js@^1.0.3:
  version "1.1.7"
  resolved "https://registry.yarnpkg.com/hash.js/-/hash.js-1.1.7.tgz#0babca538e8d4ee4a0f8988d68866537a003cf42"
  integrity sha512-taOaskGt4z4SOANNseOviYDvjEJinIkRgmp7LbKP2YTTmVxWBl87s/uzK9r+44BclBSp2X7K1hqeNfz9JbBeXA==
  dependencies:
    inherits "^2.0.3"
    minimalistic-assert "^1.0.1"

hmac-drbg@^1.0.0, hmac-drbg@^1.0.1:
  version "1.0.1"
  resolved "https://registry.npmjs.org/hmac-drbg/-/hmac-drbg-1.0.1.tgz#d2745701025a6c775a6c545793ed502fc0c649a1"
  integrity sha512-Tti3gMqLdZfhOQY1Mzf/AanLiqh1WTiJgEj26ZuYQ9fbkLomzGchCws4FyrSd4VkpBfiNhaE1On+lOz894jvXg==
  dependencies:
    hash.js "^1.0.3"
    minimalistic-assert "^1.0.0"
    minimalistic-crypto-utils "^1.0.1"

ieee754@^1.2.1:
  version "1.2.1"
  resolved "https://registry.npmjs.org/ieee754/-/ieee754-1.2.1.tgz#8eb7a10a63fff25d15a57b001586d177d1b0d352"
  integrity sha512-dcyqhDvX1C46lXZcVqCpK+FtMRQVdIMN6/Df5js2zouUsqG7I6sFxitIC+7KYK29KdXOLHdu9zL4sFnoVQnqaA==

immutable@^4.0.0-rc.12:
  version "4.0.0-rc.12"
  resolved "https://registry.yarnpkg.com/immutable/-/immutable-4.0.0-rc.12.tgz#ca59a7e4c19ae8d9bf74a97bdf0f6e2f2a5d0217"
  integrity sha512-0M2XxkZLx/mi3t8NVwIm1g8nHoEmM9p9UBl/G9k4+hm0kBgOVdMV/B3CY5dQ8qG8qc80NN4gDV4HQv6FTJ5q7A==

inherits@^2.0.1, inherits@^2.0.3, inherits@^2.0.4:
  version "2.0.4"
  resolved "https://registry.yarnpkg.com/inherits/-/inherits-2.0.4.tgz#0fa2c64f932917c3433a0ded55363aae37416b7c"
  integrity sha512-k/vGaX4/Yla3WzyMCvTQOXYeIHvqOKtnqBduzTHpzpQZzAskKMhZ2K+EnBiSM9zGSoIFeMpXKxa4dYeZIQqewQ==

js-xxhash@^1.0.4:
  version "1.0.4"
  resolved "https://registry.npmjs.org/js-xxhash/-/js-xxhash-1.0.4.tgz#ce465d8a5c038167a07aa35a855c0bd792fe8e06"
  integrity sha512-S/6Oo7ruxx5k8m4qlMnbpwQdJjRsvvfcIhIk1dA9c5y5GNhYHKYKu9krEK3QgBax6CxJuf4gRL2opgLkdzWIKg==

jsbi@^3.1.2:
  version "3.1.3"
  resolved "https://registry.yarnpkg.com/jsbi/-/jsbi-3.1.3.tgz#f024b340032f7c7caaa6ca4b32b55e8d33f6e897"
  integrity sha512-nBJqA0C6Qns+ZxurbEoIR56wyjiUszpNy70FHvxO5ervMoCbZVE3z3kxr5nKGhlxr/9MhKTSUBs7cAwwuf3g9w==

jsbi@^4.1.0:
  version "4.3.0"
  resolved "https://registry.npmjs.org/jsbi/-/jsbi-4.3.0.tgz#b54ee074fb6fcbc00619559305c8f7e912b04741"
  integrity sha512-SnZNcinB4RIcnEyZqFPdGPVgrg2AcnykiBy0sHVJQKHYeaLUvi3Exj+iaPpLnFVkDPZIV4U0yvgC9/R4uEAZ9g==

lodash.isequal@^4.5.0:
  version "4.5.0"
  resolved "https://registry.npmjs.org/lodash.isequal/-/lodash.isequal-4.5.0.tgz#415c4478f2bcc30120c22ce10ed3226f7d3e18e0"
  integrity sha512-pDo3lu8Jhfjqls6GkMgpahsF9kCyayhgykjyLMNFTKWrpVdAQtYyB4muAMWozBB4ig/dtWAmsMxLEI8wuz+DYQ==

minimalistic-assert@^1.0.0, minimalistic-assert@^1.0.1:
  version "1.0.1"
  resolved "https://registry.yarnpkg.com/minimalistic-assert/-/minimalistic-assert-1.0.1.tgz#2e194de044626d4a10e7f7fbc00ce73e83e4d5c7"
  integrity sha512-UtJcAD4yEaGtjPezWuO9wC4nwUnVH/8/Im3yEHQP4b67cXlD/Qr9hdITCU1xDbSEXg2XKNaP8jsReV7vQd00/A==

minimalistic-crypto-utils@^1.0.0, minimalistic-crypto-utils@^1.0.1:
  version "1.0.1"
  resolved "https://registry.yarnpkg.com/minimalistic-crypto-utils/-/minimalistic-crypto-utils-1.0.1.tgz#f6c00c1c0b082246e5c4d99dfb8c7c083b2b582a"
  integrity sha1-9sAMHAsIIkblxNmd+4x8CDsrWCo=

nanoassert@^1.0.0:
  version "1.1.0"
  resolved "https://registry.yarnpkg.com/nanoassert/-/nanoassert-1.1.0.tgz#4f3152e09540fde28c76f44b19bbcd1d5a42478d"
  integrity sha1-TzFS4JVA/eKMdvRLGbvNHVpCR40=

node-addon-api@^2.0.0:
  version "2.0.2"
  resolved "https://registry.yarnpkg.com/node-addon-api/-/node-addon-api-2.0.2.tgz#432cfa82962ce494b132e9d72a15b29f71ff5d32"
  integrity sha512-Ntyt4AIXyaLIuMHF6IOoTakB3K+RWxwtsHNRxllEoA6vPwP9o4866g6YWDLUdnucilZhmkxiHwHr11gAENw+QA==

node-fetch@2.6.0:
  version "2.6.0"
  resolved "https://registry.yarnpkg.com/node-fetch/-/node-fetch-2.6.0.tgz#e633456386d4aa55863f676a7ab0daa8fdecb0fd"
  integrity sha512-8dG4H5ujfvFiqDmVu9fQ5bOHUC15JMjMY/Zumv26oOvvVJjM67KF8koCWIabKQ1GJIa9r2mMZscBq/TbdOcmNA==

node-fetch@2.6.7:
  version "2.6.7"
  resolved "https://registry.npmjs.org/node-fetch/-/node-fetch-2.6.7.tgz#24de9fba827e3b4ae44dc8b20256a379160052ad"
  integrity sha512-ZjMPFEfVx5j+y2yF35Kzx5sF7kDzxuDj6ziH4FFbOp87zKDZNx8yExJIb05OGF4Nlt9IHFIMBkRl41VdvcNdbQ==
  dependencies:
    whatwg-url "^5.0.0"

node-gyp-build@^4.2.0:
  version "4.2.3"
  resolved "https://registry.yarnpkg.com/node-gyp-build/-/node-gyp-build-4.2.3.tgz#ce6277f853835f718829efb47db20f3e4d9c4739"
  integrity sha512-MN6ZpzmfNCRM+3t57PTJHgHyw/h4OWnZ6mR8P5j/uZtqQr46RRuDE/P+g3n0YR/AiYXeWixZZzaip77gdICfRg==

prettier@^2.0.5:
  version "2.0.5"
  resolved "https://registry.yarnpkg.com/prettier/-/prettier-2.0.5.tgz#d6d56282455243f2f92cc1716692c08aa31522d4"
  integrity sha512-7PtVymN48hGcO4fGjybyBSIWDsLU4H4XlvOHfq91pz9kkGlonzwTfYkaIEwiRg/dAJF9YlbsduBAgtYLi+8cFg==

secp256k1@^4.0.2:
  version "4.0.2"
  resolved "https://registry.yarnpkg.com/secp256k1/-/secp256k1-4.0.2.tgz#15dd57d0f0b9fdb54ac1fa1694f40e5e9a54f4a1"
  integrity sha512-UDar4sKvWAksIlfX3xIaQReADn+WFnHvbVujpcbr+9Sf/69odMwy2MUsz5CKLQgX9nsIyrjuxL2imVyoNHa3fg==
  dependencies:
    elliptic "^6.5.2"
    node-addon-api "^2.0.0"
    node-gyp-build "^4.2.0"

sha3@^2.1.3:
  version "2.1.4"
  resolved "https://registry.npmjs.org/sha3/-/sha3-2.1.4.tgz#000fac0fe7c2feac1f48a25e7a31b52a6492cc8f"
  integrity sha512-S8cNxbyb0UGUM2VhRD4Poe5N58gJnJsLJ5vC7FYWGUmGhcsj4++WaIOBFVDxlG0W3To6xBuiRh+i0Qp2oNCOtg==
  dependencies:
    buffer "6.0.3"

tr46@~0.0.3:
  version "0.0.3"
  resolved "https://registry.npmjs.org/tr46/-/tr46-0.0.3.tgz#8184fd347dac9cdc185992f3a6622e14b9d9ab6a"
  integrity sha1-gYT9NH2snNwYWZLzpmIuFLnZq2o=

typescript@^3.9.7:
  version "3.9.7"
  resolved "https://registry.yarnpkg.com/typescript/-/typescript-3.9.7.tgz#98d600a5ebdc38f40cb277522f12dc800e9e25fa"
  integrity sha512-BLbiRkiBzAwsjut4x/dsibSTB6yWpwT5qWmC2OfuCg3GgVQCSgMs4vEctYPhsaGtd0AeuuHMkjZ2h2WG8MSzRw==

uuid@^8.3.0:
  version "8.3.2"
  resolved "https://registry.npmjs.org/uuid/-/uuid-8.3.2.tgz#80d5b5ced271bb9af6c445f21a1a04c606cefbe2"
  integrity sha512-+NYs2QeMWy+GWFOEm9xnn6HCDp0l7QBD7ml8zLUmJ+93Q5NF0NocErnwkTkXVFNiX3/fpC6afS8Dhb/gz7R7eg==

webidl-conversions@^3.0.0:
  version "3.0.1"
  resolved "https://registry.npmjs.org/webidl-conversions/-/webidl-conversions-3.0.1.tgz#24534275e2a7bc6be7bc86611cc16ae0a5654871"
  integrity sha1-JFNCdeKnvGvnvIZhHMFq4KVlSHE=

whatwg-url@^5.0.0:
  version "5.0.0"
  resolved "https://registry.npmjs.org/whatwg-url/-/whatwg-url-5.0.0.tgz#966454e8765462e37644d3626f6742ce8b70965d"
  integrity sha1-lmRU6HZUYuN2RNNib2dCzotwll0=
  dependencies:
    tr46 "~0.0.3"
    webidl-conversions "^3.0.0"
